// !$*UTF8*$!
{
	archiveVersion = 1;
	classes = {
	};
	objectVersion = 46;
	objects = {

/* Begin PBXBuildFile section */
		572E13A314B5AEB80003F9F7 /* Cocoa.framework in Frameworks */ = {isa = PBXBuildFile; fileRef = 572E13A214B5AEB80003F9F7 /* Cocoa.framework */; };
		572E13AD14B5AEB80003F9F7 /* InfoPlist.strings in Resources */ = {isa = PBXBuildFile; fileRef = 572E13AB14B5AEB80003F9F7 /* InfoPlist.strings */; };
		572E13AF14B5AEB80003F9F7 /* main.m in Sources */ = {isa = PBXBuildFile; fileRef = 572E13AE14B5AEB80003F9F7 /* main.m */; };
		572E13B314B5AEB80003F9F7 /* Credits.rtf in Resources */ = {isa = PBXBuildFile; fileRef = 572E13B114B5AEB80003F9F7 /* Credits.rtf */; };
		572E13B614B5AEB80003F9F7 /* MWAppDelegate.m in Sources */ = {isa = PBXBuildFile; fileRef = 572E13B514B5AEB80003F9F7 /* MWAppDelegate.m */; };
		572E13B914B5AEB80003F9F7 /* MainMenu.xib in Resources */ = {isa = PBXBuildFile; fileRef = 572E13B714B5AEB80003F9F7 /* MainMenu.xib */; };
		572E13C414B5AEB80003F9F7 /* SenTestingKit.framework in Frameworks */ = {isa = PBXBuildFile; fileRef = 572E13C314B5AEB80003F9F7 /* SenTestingKit.framework */; };
		572E13C514B5AEB80003F9F7 /* Cocoa.framework in Frameworks */ = {isa = PBXBuildFile; fileRef = 572E13A214B5AEB80003F9F7 /* Cocoa.framework */; };
		572E13CD14B5AEB80003F9F7 /* InfoPlist.strings in Resources */ = {isa = PBXBuildFile; fileRef = 572E13CB14B5AEB80003F9F7 /* InfoPlist.strings */; };
		572E13D014B5AEB80003F9F7 /* WikiaFetcherTests.m in Sources */ = {isa = PBXBuildFile; fileRef = 572E13CF14B5AEB80003F9F7 /* WikiaFetcherTests.m */; };
		572E13E414B5AF5A0003F9F7 /* Category.m in Sources */ = {isa = PBXBuildFile; fileRef = 572E13DB14B5AF5A0003F9F7 /* Category.m */; };
		572E13E514B5AF5A0003F9F7 /* Contibutor.m in Sources */ = {isa = PBXBuildFile; fileRef = 572E13DD14B5AF5A0003F9F7 /* Contibutor.m */; };
		572E13E614B5AF5A0003F9F7 /* File.m in Sources */ = {isa = PBXBuildFile; fileRef = 572E13DF14B5AF5A0003F9F7 /* File.m */; };
		572E13E714B5AF5A0003F9F7 /* Namespace.m in Sources */ = {isa = PBXBuildFile; fileRef = 572E13E114B5AF5A0003F9F7 /* Namespace.m */; };
		572E13E814B5AF5A0003F9F7 /* Page.m in Sources */ = {isa = PBXBuildFile; fileRef = 572E13E314B5AF5A0003F9F7 /* Page.m */; };
		572E13ED14B5AF6D0003F9F7 /* MWXMLParser.m in Sources */ = {isa = PBXBuildFile; fileRef = 572E13EA14B5AF6D0003F9F7 /* MWXMLParser.m */; settings = {COMPILER_FLAGS = "-fno-objc-arc"; }; };
		572E13EE14B5AF6D0003F9F7 /* NSData+Gzip.m in Sources */ = {isa = PBXBuildFile; fileRef = 572E13EC14B5AF6D0003F9F7 /* NSData+Gzip.m */; settings = {COMPILER_FLAGS = "-fno-objc-arc"; }; };
		572E152E14B5B1740003F9F7 /* AFHTTPClient.m in Sources */ = {isa = PBXBuildFile; fileRef = 572E13F314B5B1730003F9F7 /* AFHTTPClient.m */; settings = {COMPILER_FLAGS = "-fno-objc-arc"; }; };
		572E152F14B5B1740003F9F7 /* AFHTTPRequestOperation.m in Sources */ = {isa = PBXBuildFile; fileRef = 572E13F514B5B1730003F9F7 /* AFHTTPRequestOperation.m */; settings = {COMPILER_FLAGS = "-fno-objc-arc"; }; };
		572E153014B5B1740003F9F7 /* AFImageCache.m in Sources */ = {isa = PBXBuildFile; fileRef = 572E13F714B5B1730003F9F7 /* AFImageCache.m */; settings = {COMPILER_FLAGS = "-fno-objc-arc"; }; };
		572E153114B5B1740003F9F7 /* AFImageRequestOperation.m in Sources */ = {isa = PBXBuildFile; fileRef = 572E13F914B5B1730003F9F7 /* AFImageRequestOperation.m */; settings = {COMPILER_FLAGS = "-fno-objc-arc"; }; };
		572E153214B5B1740003F9F7 /* AFJSONRequestOperation.m in Sources */ = {isa = PBXBuildFile; fileRef = 572E13FB14B5B1730003F9F7 /* AFJSONRequestOperation.m */; settings = {COMPILER_FLAGS = "-fno-objc-arc"; }; };
		572E153314B5B1740003F9F7 /* AFNetworkActivityIndicatorManager.m in Sources */ = {isa = PBXBuildFile; fileRef = 572E13FE14B5B1730003F9F7 /* AFNetworkActivityIndicatorManager.m */; settings = {COMPILER_FLAGS = "-fno-objc-arc"; }; };
		572E153414B5B1740003F9F7 /* AFPropertyListRequestOperation.m in Sources */ = {isa = PBXBuildFile; fileRef = 572E140114B5B1730003F9F7 /* AFPropertyListRequestOperation.m */; settings = {COMPILER_FLAGS = "-fno-objc-arc"; }; };
		572E153514B5B1740003F9F7 /* AFURLConnectionOperation.m in Sources */ = {isa = PBXBuildFile; fileRef = 572E140314B5B1730003F9F7 /* AFURLConnectionOperation.m */; settings = {COMPILER_FLAGS = "-fno-objc-arc"; }; };
		572E153614B5B1740003F9F7 /* AFXMLRequestOperation.m in Sources */ = {isa = PBXBuildFile; fileRef = 572E140514B5B1730003F9F7 /* AFXMLRequestOperation.m */; settings = {COMPILER_FLAGS = "-fno-objc-arc"; }; };
		572E153714B5B1740003F9F7 /* UIImageView+AFNetworking.m in Sources */ = {isa = PBXBuildFile; fileRef = 572E140714B5B1730003F9F7 /* UIImageView+AFNetworking.m */; settings = {COMPILER_FLAGS = "-fno-objc-arc"; }; };
		572E15BF14B5B1740003F9F7 /* RegexKitLite.m in Sources */ = {isa = PBXBuildFile; fileRef = 572E152014B5B1730003F9F7 /* RegexKitLite.m */; };
		572E15CE14B5B1D60003F9F7 /* WikiaFetcher.xcdatamodeld in Sources */ = {isa = PBXBuildFile; fileRef = 572E15CC14B5B1D60003F9F7 /* WikiaFetcher.xcdatamodeld */; };
		5789643414B86D8B00DCF93B /* NSAttributeDescription+MagicalDataImport.m in Sources */ = {isa = PBXBuildFile; fileRef = 5789641714B86D8B00DCF93B /* NSAttributeDescription+MagicalDataImport.m */; };
		5789643514B86D8B00DCF93B /* NSEntityDescription+MagicalDataImport.m in Sources */ = {isa = PBXBuildFile; fileRef = 5789641914B86D8B00DCF93B /* NSEntityDescription+MagicalDataImport.m */; };
		5789643614B86D8B00DCF93B /* NSNumber+MagicalDataImport.m in Sources */ = {isa = PBXBuildFile; fileRef = 5789641B14B86D8B00DCF93B /* NSNumber+MagicalDataImport.m */; };
		5789643714B86D8B00DCF93B /* NSObject+MagicalDataImport.m in Sources */ = {isa = PBXBuildFile; fileRef = 5789641D14B86D8B00DCF93B /* NSObject+MagicalDataImport.m */; };
		5789643814B86D8B00DCF93B /* NSRelationshipDescription+MagicalDataImport.m in Sources */ = {isa = PBXBuildFile; fileRef = 5789641F14B86D8B00DCF93B /* NSRelationshipDescription+MagicalDataImport.m */; };
		5789643914B86D8B00DCF93B /* NSString+MagicalDataImport.m in Sources */ = {isa = PBXBuildFile; fileRef = 5789642114B86D8B00DCF93B /* NSString+MagicalDataImport.m */; };
		5789643A14B86D8B00DCF93B /* NSManagedObject+MagicalDataImport.m in Sources */ = {isa = PBXBuildFile; fileRef = 5789642314B86D8B00DCF93B /* NSManagedObject+MagicalDataImport.m */; };
		5789643B14B86D8B00DCF93B /* NSManagedObject+MagicalRecord.m in Sources */ = {isa = PBXBuildFile; fileRef = 5789642514B86D8B00DCF93B /* NSManagedObject+MagicalRecord.m */; };
		5789643C14B86D8B00DCF93B /* NSManagedObjectContext+MagicalRecord.m in Sources */ = {isa = PBXBuildFile; fileRef = 5789642714B86D8B00DCF93B /* NSManagedObjectContext+MagicalRecord.m */; };
		5789643D14B86D8B00DCF93B /* NSManagedObjectModel+MagicalRecord.m in Sources */ = {isa = PBXBuildFile; fileRef = 5789642914B86D8B00DCF93B /* NSManagedObjectModel+MagicalRecord.m */; };
		5789643E14B86D8B00DCF93B /* NSPersistentStore+MagicalRecord.m in Sources */ = {isa = PBXBuildFile; fileRef = 5789642B14B86D8B00DCF93B /* NSPersistentStore+MagicalRecord.m */; };
		5789643F14B86D8B00DCF93B /* NSPersistentStoreCoordinator+MagicalRecord.m in Sources */ = {isa = PBXBuildFile; fileRef = 5789642D14B86D8B00DCF93B /* NSPersistentStoreCoordinator+MagicalRecord.m */; };
		5789644014B86D8B00DCF93B /* MagicalRecordHelpers.m in Sources */ = {isa = PBXBuildFile; fileRef = 5789643014B86D8B00DCF93B /* MagicalRecordHelpers.m */; };
		5789644114B86D8B00DCF93B /* MRCoreDataAction.m in Sources */ = {isa = PBXBuildFile; fileRef = 5789643314B86D8B00DCF93B /* MRCoreDataAction.m */; };
		5789644414B8748800DCF93B /* MWFileDownloader.m in Sources */ = {isa = PBXBuildFile; fileRef = 5789644314B8748800DCF93B /* MWFileDownloader.m */; };
		5789644B14B877C700DCF93B /* Wiki.m in Sources */ = {isa = PBXBuildFile; fileRef = 5789644A14B877C700DCF93B /* Wiki.m */; };
		5789644F14B8792400DCF93B /* NSString+MD5.m in Sources */ = {isa = PBXBuildFile; fileRef = 5789644E14B8792400DCF93B /* NSString+MD5.m */; };
		57F0D4D914B5B34700DF7893 /* libz.dylib in Frameworks */ = {isa = PBXBuildFile; fileRef = 57F0D4D814B5B34700DF7893 /* libz.dylib */; };
		57F0D4DB14B5B38100DF7893 /* libicucore.dylib in Frameworks */ = {isa = PBXBuildFile; fileRef = 57F0D4DA14B5B38100DF7893 /* libicucore.dylib */; };
/* End PBXBuildFile section */

/* Begin PBXContainerItemProxy section */
		572E13C614B5AEB80003F9F7 /* PBXContainerItemProxy */ = {
			isa = PBXContainerItemProxy;
			containerPortal = 572E139514B5AEB80003F9F7 /* Project object */;
			proxyType = 1;
			remoteGlobalIDString = 572E139D14B5AEB80003F9F7;
			remoteInfo = WikiaFetcher;
		};
/* End PBXContainerItemProxy section */

/* Begin PBXFileReference section */
		572E139E14B5AEB80003F9F7 /* WikiaFetcher.app */ = {isa = PBXFileReference; explicitFileType = wrapper.application; includeInIndex = 0; path = WikiaFetcher.app; sourceTree = BUILT_PRODUCTS_DIR; };
		572E13A214B5AEB80003F9F7 /* Cocoa.framework */ = {isa = PBXFileReference; lastKnownFileType = wrapper.framework; name = Cocoa.framework; path = System/Library/Frameworks/Cocoa.framework; sourceTree = SDKROOT; };
		572E13A514B5AEB80003F9F7 /* AppKit.framework */ = {isa = PBXFileReference; lastKnownFileType = wrapper.framework; name = AppKit.framework; path = System/Library/Frameworks/AppKit.framework; sourceTree = SDKROOT; };
		572E13A614B5AEB80003F9F7 /* CoreData.framework */ = {isa = PBXFileReference; lastKnownFileType = wrapper.framework; name = CoreData.framework; path = System/Library/Frameworks/CoreData.framework; sourceTree = SDKROOT; };
		572E13A714B5AEB80003F9F7 /* Foundation.framework */ = {isa = PBXFileReference; lastKnownFileType = wrapper.framework; name = Foundation.framework; path = System/Library/Frameworks/Foundation.framework; sourceTree = SDKROOT; };
		572E13AA14B5AEB80003F9F7 /* WikiaFetcher-Info.plist */ = {isa = PBXFileReference; lastKnownFileType = text.plist.xml; path = "WikiaFetcher-Info.plist"; sourceTree = "<group>"; };
		572E13AC14B5AEB80003F9F7 /* en */ = {isa = PBXFileReference; lastKnownFileType = text.plist.strings; name = en; path = en.lproj/InfoPlist.strings; sourceTree = "<group>"; };
		572E13AE14B5AEB80003F9F7 /* main.m */ = {isa = PBXFileReference; lastKnownFileType = sourcecode.c.objc; path = main.m; sourceTree = "<group>"; };
		572E13B014B5AEB80003F9F7 /* WikiaFetcher-Prefix.pch */ = {isa = PBXFileReference; lastKnownFileType = sourcecode.c.h; path = "WikiaFetcher-Prefix.pch"; sourceTree = "<group>"; };
		572E13B214B5AEB80003F9F7 /* en */ = {isa = PBXFileReference; lastKnownFileType = text.rtf; name = en; path = en.lproj/Credits.rtf; sourceTree = "<group>"; };
		572E13B414B5AEB80003F9F7 /* MWAppDelegate.h */ = {isa = PBXFileReference; lastKnownFileType = sourcecode.c.h; path = MWAppDelegate.h; sourceTree = "<group>"; };
		572E13B514B5AEB80003F9F7 /* MWAppDelegate.m */ = {isa = PBXFileReference; lastKnownFileType = sourcecode.c.objc; path = MWAppDelegate.m; sourceTree = "<group>"; };
		572E13B814B5AEB80003F9F7 /* en */ = {isa = PBXFileReference; lastKnownFileType = file.xib; name = en; path = en.lproj/MainMenu.xib; sourceTree = "<group>"; };
		572E13C214B5AEB80003F9F7 /* WikiaFetcherTests.octest */ = {isa = PBXFileReference; explicitFileType = wrapper.cfbundle; includeInIndex = 0; path = WikiaFetcherTests.octest; sourceTree = BUILT_PRODUCTS_DIR; };
		572E13C314B5AEB80003F9F7 /* SenTestingKit.framework */ = {isa = PBXFileReference; lastKnownFileType = wrapper.framework; name = SenTestingKit.framework; path = Library/Frameworks/SenTestingKit.framework; sourceTree = DEVELOPER_DIR; };
		572E13CA14B5AEB80003F9F7 /* WikiaFetcherTests-Info.plist */ = {isa = PBXFileReference; lastKnownFileType = text.plist.xml; path = "WikiaFetcherTests-Info.plist"; sourceTree = "<group>"; };
		572E13CC14B5AEB80003F9F7 /* en */ = {isa = PBXFileReference; lastKnownFileType = text.plist.strings; name = en; path = en.lproj/InfoPlist.strings; sourceTree = "<group>"; };
		572E13CE14B5AEB80003F9F7 /* WikiaFetcherTests.h */ = {isa = PBXFileReference; lastKnownFileType = sourcecode.c.h; path = WikiaFetcherTests.h; sourceTree = "<group>"; };
		572E13CF14B5AEB80003F9F7 /* WikiaFetcherTests.m */ = {isa = PBXFileReference; lastKnownFileType = sourcecode.c.objc; path = WikiaFetcherTests.m; sourceTree = "<group>"; };
		572E13DA14B5AF5A0003F9F7 /* Category.h */ = {isa = PBXFileReference; fileEncoding = 4; lastKnownFileType = sourcecode.c.h; path = Category.h; sourceTree = "<group>"; };
		572E13DB14B5AF5A0003F9F7 /* Category.m */ = {isa = PBXFileReference; fileEncoding = 4; lastKnownFileType = sourcecode.c.objc; path = Category.m; sourceTree = "<group>"; };
		572E13DC14B5AF5A0003F9F7 /* Contibutor.h */ = {isa = PBXFileReference; fileEncoding = 4; lastKnownFileType = sourcecode.c.h; path = Contibutor.h; sourceTree = "<group>"; };
		572E13DD14B5AF5A0003F9F7 /* Contibutor.m */ = {isa = PBXFileReference; fileEncoding = 4; lastKnownFileType = sourcecode.c.objc; path = Contibutor.m; sourceTree = "<group>"; };
		572E13DE14B5AF5A0003F9F7 /* File.h */ = {isa = PBXFileReference; fileEncoding = 4; lastKnownFileType = sourcecode.c.h; path = File.h; sourceTree = "<group>"; };
		572E13DF14B5AF5A0003F9F7 /* File.m */ = {isa = PBXFileReference; fileEncoding = 4; lastKnownFileType = sourcecode.c.objc; path = File.m; sourceTree = "<group>"; };
		572E13E014B5AF5A0003F9F7 /* Namespace.h */ = {isa = PBXFileReference; fileEncoding = 4; lastKnownFileType = sourcecode.c.h; path = Namespace.h; sourceTree = "<group>"; };
		572E13E114B5AF5A0003F9F7 /* Namespace.m */ = {isa = PBXFileReference; fileEncoding = 4; lastKnownFileType = sourcecode.c.objc; path = Namespace.m; sourceTree = "<group>"; };
		572E13E214B5AF5A0003F9F7 /* Page.h */ = {isa = PBXFileReference; fileEncoding = 4; lastKnownFileType = sourcecode.c.h; path = Page.h; sourceTree = "<group>"; };
		572E13E314B5AF5A0003F9F7 /* Page.m */ = {isa = PBXFileReference; fileEncoding = 4; lastKnownFileType = sourcecode.c.objc; path = Page.m; sourceTree = "<group>"; };
		572E13E914B5AF6D0003F9F7 /* MWXMLParser.h */ = {isa = PBXFileReference; fileEncoding = 4; lastKnownFileType = sourcecode.c.h; path = MWXMLParser.h; sourceTree = "<group>"; };
		572E13EA14B5AF6D0003F9F7 /* MWXMLParser.m */ = {isa = PBXFileReference; fileEncoding = 4; lastKnownFileType = sourcecode.c.objc; path = MWXMLParser.m; sourceTree = "<group>"; };
		572E13EB14B5AF6D0003F9F7 /* NSData+Gzip.h */ = {isa = PBXFileReference; fileEncoding = 4; lastKnownFileType = sourcecode.c.h; path = "NSData+Gzip.h"; sourceTree = "<group>"; };
		572E13EC14B5AF6D0003F9F7 /* NSData+Gzip.m */ = {isa = PBXFileReference; fileEncoding = 4; lastKnownFileType = sourcecode.c.objc; path = "NSData+Gzip.m"; sourceTree = "<group>"; };
		572E13F214B5B1730003F9F7 /* AFHTTPClient.h */ = {isa = PBXFileReference; fileEncoding = 4; lastKnownFileType = sourcecode.c.h; path = AFHTTPClient.h; sourceTree = "<group>"; };
		572E13F314B5B1730003F9F7 /* AFHTTPClient.m */ = {isa = PBXFileReference; fileEncoding = 4; lastKnownFileType = sourcecode.c.objc; path = AFHTTPClient.m; sourceTree = "<group>"; };
		572E13F414B5B1730003F9F7 /* AFHTTPRequestOperation.h */ = {isa = PBXFileReference; fileEncoding = 4; lastKnownFileType = sourcecode.c.h; path = AFHTTPRequestOperation.h; sourceTree = "<group>"; };
		572E13F514B5B1730003F9F7 /* AFHTTPRequestOperation.m */ = {isa = PBXFileReference; fileEncoding = 4; lastKnownFileType = sourcecode.c.objc; path = AFHTTPRequestOperation.m; sourceTree = "<group>"; };
		572E13F614B5B1730003F9F7 /* AFImageCache.h */ = {isa = PBXFileReference; fileEncoding = 4; lastKnownFileType = sourcecode.c.h; path = AFImageCache.h; sourceTree = "<group>"; };
		572E13F714B5B1730003F9F7 /* AFImageCache.m */ = {isa = PBXFileReference; fileEncoding = 4; lastKnownFileType = sourcecode.c.objc; path = AFImageCache.m; sourceTree = "<group>"; };
		572E13F814B5B1730003F9F7 /* AFImageRequestOperation.h */ = {isa = PBXFileReference; fileEncoding = 4; lastKnownFileType = sourcecode.c.h; path = AFImageRequestOperation.h; sourceTree = "<group>"; };
		572E13F914B5B1730003F9F7 /* AFImageRequestOperation.m */ = {isa = PBXFileReference; fileEncoding = 4; lastKnownFileType = sourcecode.c.objc; path = AFImageRequestOperation.m; sourceTree = "<group>"; };
		572E13FA14B5B1730003F9F7 /* AFJSONRequestOperation.h */ = {isa = PBXFileReference; fileEncoding = 4; lastKnownFileType = sourcecode.c.h; path = AFJSONRequestOperation.h; sourceTree = "<group>"; };
		572E13FB14B5B1730003F9F7 /* AFJSONRequestOperation.m */ = {isa = PBXFileReference; fileEncoding = 4; lastKnownFileType = sourcecode.c.objc; path = AFJSONRequestOperation.m; sourceTree = "<group>"; };
		572E13FC14B5B1730003F9F7 /* AFJSONUtilities.h */ = {isa = PBXFileReference; fileEncoding = 4; lastKnownFileType = sourcecode.c.h; path = AFJSONUtilities.h; sourceTree = "<group>"; };
		572E13FD14B5B1730003F9F7 /* AFNetworkActivityIndicatorManager.h */ = {isa = PBXFileReference; fileEncoding = 4; lastKnownFileType = sourcecode.c.h; path = AFNetworkActivityIndicatorManager.h; sourceTree = "<group>"; };
		572E13FE14B5B1730003F9F7 /* AFNetworkActivityIndicatorManager.m */ = {isa = PBXFileReference; fileEncoding = 4; lastKnownFileType = sourcecode.c.objc; path = AFNetworkActivityIndicatorManager.m; sourceTree = "<group>"; };
		572E13FF14B5B1730003F9F7 /* AFNetworking.h */ = {isa = PBXFileReference; fileEncoding = 4; lastKnownFileType = sourcecode.c.h; path = AFNetworking.h; sourceTree = "<group>"; };
		572E140014B5B1730003F9F7 /* AFPropertyListRequestOperation.h */ = {isa = PBXFileReference; fileEncoding = 4; lastKnownFileType = sourcecode.c.h; path = AFPropertyListRequestOperation.h; sourceTree = "<group>"; };
		572E140114B5B1730003F9F7 /* AFPropertyListRequestOperation.m */ = {isa = PBXFileReference; fileEncoding = 4; lastKnownFileType = sourcecode.c.objc; path = AFPropertyListRequestOperation.m; sourceTree = "<group>"; };
		572E140214B5B1730003F9F7 /* AFURLConnectionOperation.h */ = {isa = PBXFileReference; fileEncoding = 4; lastKnownFileType = sourcecode.c.h; path = AFURLConnectionOperation.h; sourceTree = "<group>"; };
		572E140314B5B1730003F9F7 /* AFURLConnectionOperation.m */ = {isa = PBXFileReference; fileEncoding = 4; lastKnownFileType = sourcecode.c.objc; path = AFURLConnectionOperation.m; sourceTree = "<group>"; };
		572E140414B5B1730003F9F7 /* AFXMLRequestOperation.h */ = {isa = PBXFileReference; fileEncoding = 4; lastKnownFileType = sourcecode.c.h; path = AFXMLRequestOperation.h; sourceTree = "<group>"; };
		572E140514B5B1730003F9F7 /* AFXMLRequestOperation.m */ = {isa = PBXFileReference; fileEncoding = 4; lastKnownFileType = sourcecode.c.objc; path = AFXMLRequestOperation.m; sourceTree = "<group>"; };
		572E140614B5B1730003F9F7 /* UIImageView+AFNetworking.h */ = {isa = PBXFileReference; fileEncoding = 4; lastKnownFileType = sourcecode.c.h; path = "UIImageView+AFNetworking.h"; sourceTree = "<group>"; };
		572E140714B5B1730003F9F7 /* UIImageView+AFNetworking.m */ = {isa = PBXFileReference; fileEncoding = 4; lastKnownFileType = sourcecode.c.objc; path = "UIImageView+AFNetworking.m"; sourceTree = "<group>"; };
		572E151E14B5B1730003F9F7 /* RegexKitLite.h */ = {isa = PBXFileReference; fileEncoding = 4; lastKnownFileType = sourcecode.c.h; path = RegexKitLite.h; sourceTree = "<group>"; };
		572E152014B5B1730003F9F7 /* RegexKitLite.m */ = {isa = PBXFileReference; fileEncoding = 4; lastKnownFileType = sourcecode.c.objc; path = RegexKitLite.m; sourceTree = "<group>"; };
		572E15CD14B5B1D60003F9F7 /* MWCoreDataImporter.xcdatamodel */ = {isa = PBXFileReference; lastKnownFileType = wrapper.xcdatamodel; path = MWCoreDataImporter.xcdatamodel; sourceTree = "<group>"; };
		5789641614B86D8B00DCF93B /* NSAttributeDescription+MagicalDataImport.h */ = {isa = PBXFileReference; fileEncoding = 4; lastKnownFileType = sourcecode.c.h; path = "NSAttributeDescription+MagicalDataImport.h"; sourceTree = "<group>"; };
		5789641714B86D8B00DCF93B /* NSAttributeDescription+MagicalDataImport.m */ = {isa = PBXFileReference; fileEncoding = 4; lastKnownFileType = sourcecode.c.objc; path = "NSAttributeDescription+MagicalDataImport.m"; sourceTree = "<group>"; };
		5789641814B86D8B00DCF93B /* NSEntityDescription+MagicalDataImport.h */ = {isa = PBXFileReference; fileEncoding = 4; lastKnownFileType = sourcecode.c.h; path = "NSEntityDescription+MagicalDataImport.h"; sourceTree = "<group>"; };
		5789641914B86D8B00DCF93B /* NSEntityDescription+MagicalDataImport.m */ = {isa = PBXFileReference; fileEncoding = 4; lastKnownFileType = sourcecode.c.objc; path = "NSEntityDescription+MagicalDataImport.m"; sourceTree = "<group>"; };
		5789641A14B86D8B00DCF93B /* NSNumber+MagicalDataImport.h */ = {isa = PBXFileReference; fileEncoding = 4; lastKnownFileType = sourcecode.c.h; path = "NSNumber+MagicalDataImport.h"; sourceTree = "<group>"; };
		5789641B14B86D8B00DCF93B /* NSNumber+MagicalDataImport.m */ = {isa = PBXFileReference; fileEncoding = 4; lastKnownFileType = sourcecode.c.objc; path = "NSNumber+MagicalDataImport.m"; sourceTree = "<group>"; };
		5789641C14B86D8B00DCF93B /* NSObject+MagicalDataImport.h */ = {isa = PBXFileReference; fileEncoding = 4; lastKnownFileType = sourcecode.c.h; path = "NSObject+MagicalDataImport.h"; sourceTree = "<group>"; };
		5789641D14B86D8B00DCF93B /* NSObject+MagicalDataImport.m */ = {isa = PBXFileReference; fileEncoding = 4; lastKnownFileType = sourcecode.c.objc; path = "NSObject+MagicalDataImport.m"; sourceTree = "<group>"; };
		5789641E14B86D8B00DCF93B /* NSRelationshipDescription+MagicalDataImport.h */ = {isa = PBXFileReference; fileEncoding = 4; lastKnownFileType = sourcecode.c.h; path = "NSRelationshipDescription+MagicalDataImport.h"; sourceTree = "<group>"; };
		5789641F14B86D8B00DCF93B /* NSRelationshipDescription+MagicalDataImport.m */ = {isa = PBXFileReference; fileEncoding = 4; lastKnownFileType = sourcecode.c.objc; path = "NSRelationshipDescription+MagicalDataImport.m"; sourceTree = "<group>"; };
		5789642014B86D8B00DCF93B /* NSString+MagicalDataImport.h */ = {isa = PBXFileReference; fileEncoding = 4; lastKnownFileType = sourcecode.c.h; path = "NSString+MagicalDataImport.h"; sourceTree = "<group>"; };
		5789642114B86D8B00DCF93B /* NSString+MagicalDataImport.m */ = {isa = PBXFileReference; fileEncoding = 4; lastKnownFileType = sourcecode.c.objc; path = "NSString+MagicalDataImport.m"; sourceTree = "<group>"; };
		5789642214B86D8B00DCF93B /* NSManagedObject+MagicalDataImport.h */ = {isa = PBXFileReference; fileEncoding = 4; lastKnownFileType = sourcecode.c.h; path = "NSManagedObject+MagicalDataImport.h"; sourceTree = "<group>"; };
		5789642314B86D8B00DCF93B /* NSManagedObject+MagicalDataImport.m */ = {isa = PBXFileReference; fileEncoding = 4; lastKnownFileType = sourcecode.c.objc; path = "NSManagedObject+MagicalDataImport.m"; sourceTree = "<group>"; };
		5789642414B86D8B00DCF93B /* NSManagedObject+MagicalRecord.h */ = {isa = PBXFileReference; fileEncoding = 4; lastKnownFileType = sourcecode.c.h; path = "NSManagedObject+MagicalRecord.h"; sourceTree = "<group>"; };
		5789642514B86D8B00DCF93B /* NSManagedObject+MagicalRecord.m */ = {isa = PBXFileReference; fileEncoding = 4; lastKnownFileType = sourcecode.c.objc; path = "NSManagedObject+MagicalRecord.m"; sourceTree = "<group>"; };
		5789642614B86D8B00DCF93B /* NSManagedObjectContext+MagicalRecord.h */ = {isa = PBXFileReference; fileEncoding = 4; lastKnownFileType = sourcecode.c.h; path = "NSManagedObjectContext+MagicalRecord.h"; sourceTree = "<group>"; };
		5789642714B86D8B00DCF93B /* NSManagedObjectContext+MagicalRecord.m */ = {isa = PBXFileReference; fileEncoding = 4; lastKnownFileType = sourcecode.c.objc; path = "NSManagedObjectContext+MagicalRecord.m"; sourceTree = "<group>"; };
		5789642814B86D8B00DCF93B /* NSManagedObjectModel+MagicalRecord.h */ = {isa = PBXFileReference; fileEncoding = 4; lastKnownFileType = sourcecode.c.h; path = "NSManagedObjectModel+MagicalRecord.h"; sourceTree = "<group>"; };
		5789642914B86D8B00DCF93B /* NSManagedObjectModel+MagicalRecord.m */ = {isa = PBXFileReference; fileEncoding = 4; lastKnownFileType = sourcecode.c.objc; path = "NSManagedObjectModel+MagicalRecord.m"; sourceTree = "<group>"; };
		5789642A14B86D8B00DCF93B /* NSPersistentStore+MagicalRecord.h */ = {isa = PBXFileReference; fileEncoding = 4; lastKnownFileType = sourcecode.c.h; path = "NSPersistentStore+MagicalRecord.h"; sourceTree = "<group>"; };
		5789642B14B86D8B00DCF93B /* NSPersistentStore+MagicalRecord.m */ = {isa = PBXFileReference; fileEncoding = 4; lastKnownFileType = sourcecode.c.objc; path = "NSPersistentStore+MagicalRecord.m"; sourceTree = "<group>"; };
		5789642C14B86D8B00DCF93B /* NSPersistentStoreCoordinator+MagicalRecord.h */ = {isa = PBXFileReference; fileEncoding = 4; lastKnownFileType = sourcecode.c.h; path = "NSPersistentStoreCoordinator+MagicalRecord.h"; sourceTree = "<group>"; };
		5789642D14B86D8B00DCF93B /* NSPersistentStoreCoordinator+MagicalRecord.m */ = {isa = PBXFileReference; fileEncoding = 4; lastKnownFileType = sourcecode.c.objc; path = "NSPersistentStoreCoordinator+MagicalRecord.m"; sourceTree = "<group>"; };
		5789642E14B86D8B00DCF93B /* CoreData+MagicalRecord.h */ = {isa = PBXFileReference; fileEncoding = 4; lastKnownFileType = sourcecode.c.h; path = "CoreData+MagicalRecord.h"; sourceTree = "<group>"; };
		5789642F14B86D8B00DCF93B /* MagicalRecordHelpers.h */ = {isa = PBXFileReference; fileEncoding = 4; lastKnownFileType = sourcecode.c.h; path = MagicalRecordHelpers.h; sourceTree = "<group>"; };
		5789643014B86D8B00DCF93B /* MagicalRecordHelpers.m */ = {isa = PBXFileReference; fileEncoding = 4; lastKnownFileType = sourcecode.c.objc; path = MagicalRecordHelpers.m; sourceTree = "<group>"; };
		5789643114B86D8B00DCF93B /* MagicalRecordShorthand.h */ = {isa = PBXFileReference; fileEncoding = 4; lastKnownFileType = sourcecode.c.h; path = MagicalRecordShorthand.h; sourceTree = "<group>"; };
		5789643214B86D8B00DCF93B /* MRCoreDataAction.h */ = {isa = PBXFileReference; fileEncoding = 4; lastKnownFileType = sourcecode.c.h; path = MRCoreDataAction.h; sourceTree = "<group>"; };
		5789643314B86D8B00DCF93B /* MRCoreDataAction.m */ = {isa = PBXFileReference; fileEncoding = 4; lastKnownFileType = sourcecode.c.objc; path = MRCoreDataAction.m; sourceTree = "<group>"; };
		5789644214B8748800DCF93B /* MWFileDownloader.h */ = {isa = PBXFileReference; fileEncoding = 4; lastKnownFileType = sourcecode.c.h; path = MWFileDownloader.h; sourceTree = "<group>"; };
		5789644314B8748800DCF93B /* MWFileDownloader.m */ = {isa = PBXFileReference; fileEncoding = 4; lastKnownFileType = sourcecode.c.objc; path = MWFileDownloader.m; sourceTree = "<group>"; };
		5789644914B877C700DCF93B /* Wiki.h */ = {isa = PBXFileReference; fileEncoding = 4; lastKnownFileType = sourcecode.c.h; path = Wiki.h; sourceTree = "<group>"; };
		5789644A14B877C700DCF93B /* Wiki.m */ = {isa = PBXFileReference; fileEncoding = 4; lastKnownFileType = sourcecode.c.objc; path = Wiki.m; sourceTree = "<group>"; };
		5789644D14B8792400DCF93B /* NSString+MD5.h */ = {isa = PBXFileReference; fileEncoding = 4; lastKnownFileType = sourcecode.c.h; path = "NSString+MD5.h"; sourceTree = "<group>"; };
		5789644E14B8792400DCF93B /* NSString+MD5.m */ = {isa = PBXFileReference; fileEncoding = 4; lastKnownFileType = sourcecode.c.objc; path = "NSString+MD5.m"; sourceTree = "<group>"; };
		57F0D4D814B5B34700DF7893 /* libz.dylib */ = {isa = PBXFileReference; lastKnownFileType = "compiled.mach-o.dylib"; name = libz.dylib; path = usr/lib/libz.dylib; sourceTree = SDKROOT; };
		57F0D4DA14B5B38100DF7893 /* libicucore.dylib */ = {isa = PBXFileReference; lastKnownFileType = "compiled.mach-o.dylib"; name = libicucore.dylib; path = usr/lib/libicucore.dylib; sourceTree = SDKROOT; };
/* End PBXFileReference section */

/* Begin PBXFrameworksBuildPhase section */
		572E139B14B5AEB80003F9F7 /* Frameworks */ = {
			isa = PBXFrameworksBuildPhase;
			buildActionMask = 2147483647;
			files = (
				57F0D4DB14B5B38100DF7893 /* libicucore.dylib in Frameworks */,
				57F0D4D914B5B34700DF7893 /* libz.dylib in Frameworks */,
				572E13A314B5AEB80003F9F7 /* Cocoa.framework in Frameworks */,
			);
			runOnlyForDeploymentPostprocessing = 0;
		};
		572E13BE14B5AEB80003F9F7 /* Frameworks */ = {
			isa = PBXFrameworksBuildPhase;
			buildActionMask = 2147483647;
			files = (
				572E13C414B5AEB80003F9F7 /* SenTestingKit.framework in Frameworks */,
				572E13C514B5AEB80003F9F7 /* Cocoa.framework in Frameworks */,
			);
			runOnlyForDeploymentPostprocessing = 0;
		};
/* End PBXFrameworksBuildPhase section */

/* Begin PBXGroup section */
		572E139314B5AEB80003F9F7 = {
			isa = PBXGroup;
			children = (
				57F0D4DA14B5B38100DF7893 /* libicucore.dylib */,
				57F0D4D814B5B34700DF7893 /* libz.dylib */,
				572E13EF14B5B1730003F9F7 /* libs */,
				572E13A814B5AEB80003F9F7 /* WikiaFetcher */,
				572E13C814B5AEB80003F9F7 /* WikiaFetcherTests */,
				572E13A114B5AEB80003F9F7 /* Frameworks */,
				572E139F14B5AEB80003F9F7 /* Products */,
			);
			sourceTree = "<group>";
		};
		572E139F14B5AEB80003F9F7 /* Products */ = {
			isa = PBXGroup;
			children = (
				572E139E14B5AEB80003F9F7 /* WikiaFetcher.app */,
				572E13C214B5AEB80003F9F7 /* WikiaFetcherTests.octest */,
			);
			name = Products;
			sourceTree = "<group>";
		};
		572E13A114B5AEB80003F9F7 /* Frameworks */ = {
			isa = PBXGroup;
			children = (
				572E13A214B5AEB80003F9F7 /* Cocoa.framework */,
				572E13C314B5AEB80003F9F7 /* SenTestingKit.framework */,
				572E13A414B5AEB80003F9F7 /* Other Frameworks */,
			);
			name = Frameworks;
			sourceTree = "<group>";
		};
		572E13A414B5AEB80003F9F7 /* Other Frameworks */ = {
			isa = PBXGroup;
			children = (
				572E13A514B5AEB80003F9F7 /* AppKit.framework */,
				572E13A614B5AEB80003F9F7 /* CoreData.framework */,
				572E13A714B5AEB80003F9F7 /* Foundation.framework */,
			);
			name = "Other Frameworks";
			sourceTree = "<group>";
		};
		572E13A814B5AEB80003F9F7 /* WikiaFetcher */ = {
			isa = PBXGroup;
			children = (
				572E13D914B5AF380003F9F7 /* Model */,
				572E13B414B5AEB80003F9F7 /* MWAppDelegate.h */,
				572E13B514B5AEB80003F9F7 /* MWAppDelegate.m */,
				572E13E914B5AF6D0003F9F7 /* MWXMLParser.h */,
				572E13EA14B5AF6D0003F9F7 /* MWXMLParser.m */,
				572E13EB14B5AF6D0003F9F7 /* NSData+Gzip.h */,
				572E13EC14B5AF6D0003F9F7 /* NSData+Gzip.m */,
				572E15CC14B5B1D60003F9F7 /* WikiaFetcher.xcdatamodeld */,
				572E13B714B5AEB80003F9F7 /* MainMenu.xib */,
				572E13A914B5AEB80003F9F7 /* Supporting Files */,
				5789644214B8748800DCF93B /* MWFileDownloader.h */,
				5789644314B8748800DCF93B /* MWFileDownloader.m */,
				5789644D14B8792400DCF93B /* NSString+MD5.h */,
				5789644E14B8792400DCF93B /* NSString+MD5.m */,
			);
			path = WikiaFetcher;
			sourceTree = "<group>";
		};
		572E13A914B5AEB80003F9F7 /* Supporting Files */ = {
			isa = PBXGroup;
			children = (
				572E13AA14B5AEB80003F9F7 /* WikiaFetcher-Info.plist */,
				572E13AB14B5AEB80003F9F7 /* InfoPlist.strings */,
				572E13AE14B5AEB80003F9F7 /* main.m */,
				572E13B014B5AEB80003F9F7 /* WikiaFetcher-Prefix.pch */,
				572E13B114B5AEB80003F9F7 /* Credits.rtf */,
			);
			name = "Supporting Files";
			sourceTree = "<group>";
		};
		572E13C814B5AEB80003F9F7 /* WikiaFetcherTests */ = {
			isa = PBXGroup;
			children = (
				572E13CE14B5AEB80003F9F7 /* WikiaFetcherTests.h */,
				572E13CF14B5AEB80003F9F7 /* WikiaFetcherTests.m */,
				572E13C914B5AEB80003F9F7 /* Supporting Files */,
			);
			path = WikiaFetcherTests;
			sourceTree = "<group>";
		};
		572E13C914B5AEB80003F9F7 /* Supporting Files */ = {
			isa = PBXGroup;
			children = (
				572E13CA14B5AEB80003F9F7 /* WikiaFetcherTests-Info.plist */,
				572E13CB14B5AEB80003F9F7 /* InfoPlist.strings */,
			);
			name = "Supporting Files";
			sourceTree = "<group>";
		};
		572E13D914B5AF380003F9F7 /* Model */ = {
			isa = PBXGroup;
			children = (
				572E13DA14B5AF5A0003F9F7 /* Category.h */,
				572E13DB14B5AF5A0003F9F7 /* Category.m */,
				572E13DC14B5AF5A0003F9F7 /* Contibutor.h */,
				572E13DD14B5AF5A0003F9F7 /* Contibutor.m */,
				572E13DE14B5AF5A0003F9F7 /* File.h */,
				572E13DF14B5AF5A0003F9F7 /* File.m */,
				572E13E014B5AF5A0003F9F7 /* Namespace.h */,
				572E13E114B5AF5A0003F9F7 /* Namespace.m */,
				572E13E214B5AF5A0003F9F7 /* Page.h */,
				572E13E314B5AF5A0003F9F7 /* Page.m */,
				5789644914B877C700DCF93B /* Wiki.h */,
				5789644A14B877C700DCF93B /* Wiki.m */,
			);
			name = Model;
			sourceTree = "<group>";
		};
		572E13EF14B5B1730003F9F7 /* libs */ = {
			isa = PBXGroup;
			children = (
				572E13F014B5B1730003F9F7 /* AFNetworking */,
				572E144E14B5B1730003F9F7 /* MagicalRecord */,
				572E150F14B5B1730003F9F7 /* RegexKitLite */,
			);
			path = libs;
			sourceTree = "<group>";
		};
		572E13F014B5B1730003F9F7 /* AFNetworking */ = {
			isa = PBXGroup;
			children = (
				572E13F114B5B1730003F9F7 /* AFNetworking */,
			);
			path = AFNetworking;
			sourceTree = "<group>";
		};
		572E13F114B5B1730003F9F7 /* AFNetworking */ = {
			isa = PBXGroup;
			children = (
				572E13F214B5B1730003F9F7 /* AFHTTPClient.h */,
				572E13F314B5B1730003F9F7 /* AFHTTPClient.m */,
				572E13F414B5B1730003F9F7 /* AFHTTPRequestOperation.h */,
				572E13F514B5B1730003F9F7 /* AFHTTPRequestOperation.m */,
				572E13F614B5B1730003F9F7 /* AFImageCache.h */,
				572E13F714B5B1730003F9F7 /* AFImageCache.m */,
				572E13F814B5B1730003F9F7 /* AFImageRequestOperation.h */,
				572E13F914B5B1730003F9F7 /* AFImageRequestOperation.m */,
				572E13FA14B5B1730003F9F7 /* AFJSONRequestOperation.h */,
				572E13FB14B5B1730003F9F7 /* AFJSONRequestOperation.m */,
				572E13FC14B5B1730003F9F7 /* AFJSONUtilities.h */,
				572E13FD14B5B1730003F9F7 /* AFNetworkActivityIndicatorManager.h */,
				572E13FE14B5B1730003F9F7 /* AFNetworkActivityIndicatorManager.m */,
				572E13FF14B5B1730003F9F7 /* AFNetworking.h */,
				572E140014B5B1730003F9F7 /* AFPropertyListRequestOperation.h */,
				572E140114B5B1730003F9F7 /* AFPropertyListRequestOperation.m */,
				572E140214B5B1730003F9F7 /* AFURLConnectionOperation.h */,
				572E140314B5B1730003F9F7 /* AFURLConnectionOperation.m */,
				572E140414B5B1730003F9F7 /* AFXMLRequestOperation.h */,
				572E140514B5B1730003F9F7 /* AFXMLRequestOperation.m */,
				572E140614B5B1730003F9F7 /* UIImageView+AFNetworking.h */,
				572E140714B5B1730003F9F7 /* UIImageView+AFNetworking.m */,
			);
			path = AFNetworking;
			sourceTree = "<group>";
		};
		572E144E14B5B1730003F9F7 /* MagicalRecord */ = {
			isa = PBXGroup;
			children = (
				5789641314B86D8B00DCF93B /* Source */,
			);
			path = MagicalRecord;
			sourceTree = "<group>";
		};
		572E150F14B5B1730003F9F7 /* RegexKitLite */ = {
			isa = PBXGroup;
			children = (
				572E151E14B5B1730003F9F7 /* RegexKitLite.h */,
				572E152014B5B1730003F9F7 /* RegexKitLite.m */,
			);
			path = RegexKitLite;
			sourceTree = "<group>";
		};
		5789641314B86D8B00DCF93B /* Source */ = {
			isa = PBXGroup;
			children = (
				5789641414B86D8B00DCF93B /* Categories */,
				5789642E14B86D8B00DCF93B /* CoreData+MagicalRecord.h */,
				5789642F14B86D8B00DCF93B /* MagicalRecordHelpers.h */,
				5789643014B86D8B00DCF93B /* MagicalRecordHelpers.m */,
				5789643114B86D8B00DCF93B /* MagicalRecordShorthand.h */,
				5789643214B86D8B00DCF93B /* MRCoreDataAction.h */,
				5789643314B86D8B00DCF93B /* MRCoreDataAction.m */,
			);
			path = Source;
			sourceTree = "<group>";
		};
		5789641414B86D8B00DCF93B /* Categories */ = {
			isa = PBXGroup;
			children = (
				5789641514B86D8B00DCF93B /* DataImport */,
				5789642214B86D8B00DCF93B /* NSManagedObject+MagicalDataImport.h */,
				5789642314B86D8B00DCF93B /* NSManagedObject+MagicalDataImport.m */,
				5789642414B86D8B00DCF93B /* NSManagedObject+MagicalRecord.h */,
				5789642514B86D8B00DCF93B /* NSManagedObject+MagicalRecord.m */,
				5789642614B86D8B00DCF93B /* NSManagedObjectContext+MagicalRecord.h */,
				5789642714B86D8B00DCF93B /* NSManagedObjectContext+MagicalRecord.m */,
				5789642814B86D8B00DCF93B /* NSManagedObjectModel+MagicalRecord.h */,
				5789642914B86D8B00DCF93B /* NSManagedObjectModel+MagicalRecord.m */,
				5789642A14B86D8B00DCF93B /* NSPersistentStore+MagicalRecord.h */,
				5789642B14B86D8B00DCF93B /* NSPersistentStore+MagicalRecord.m */,
				5789642C14B86D8B00DCF93B /* NSPersistentStoreCoordinator+MagicalRecord.h */,
				5789642D14B86D8B00DCF93B /* NSPersistentStoreCoordinator+MagicalRecord.m */,
			);
			path = Categories;
			sourceTree = "<group>";
		};
		5789641514B86D8B00DCF93B /* DataImport */ = {
			isa = PBXGroup;
			children = (
				5789641614B86D8B00DCF93B /* NSAttributeDescription+MagicalDataImport.h */,
				5789641714B86D8B00DCF93B /* NSAttributeDescription+MagicalDataImport.m */,
				5789641814B86D8B00DCF93B /* NSEntityDescription+MagicalDataImport.h */,
				5789641914B86D8B00DCF93B /* NSEntityDescription+MagicalDataImport.m */,
				5789641A14B86D8B00DCF93B /* NSNumber+MagicalDataImport.h */,
				5789641B14B86D8B00DCF93B /* NSNumber+MagicalDataImport.m */,
				5789641C14B86D8B00DCF93B /* NSObject+MagicalDataImport.h */,
				5789641D14B86D8B00DCF93B /* NSObject+MagicalDataImport.m */,
				5789641E14B86D8B00DCF93B /* NSRelationshipDescription+MagicalDataImport.h */,
				5789641F14B86D8B00DCF93B /* NSRelationshipDescription+MagicalDataImport.m */,
				5789642014B86D8B00DCF93B /* NSString+MagicalDataImport.h */,
				5789642114B86D8B00DCF93B /* NSString+MagicalDataImport.m */,
			);
			path = DataImport;
			sourceTree = "<group>";
		};
/* End PBXGroup section */

/* Begin PBXNativeTarget section */
		572E139D14B5AEB80003F9F7 /* WikiaFetcher */ = {
			isa = PBXNativeTarget;
			buildConfigurationList = 572E13D314B5AEB80003F9F7 /* Build configuration list for PBXNativeTarget "WikiaFetcher" */;
			buildPhases = (
				572E139A14B5AEB80003F9F7 /* Sources */,
				572E139B14B5AEB80003F9F7 /* Frameworks */,
				572E139C14B5AEB80003F9F7 /* Resources */,
			);
			buildRules = (
			);
			dependencies = (
			);
			name = WikiaFetcher;
			productName = WikiaFetcher;
			productReference = 572E139E14B5AEB80003F9F7 /* WikiaFetcher.app */;
			productType = "com.apple.product-type.application";
		};
		572E13C114B5AEB80003F9F7 /* WikiaFetcherTests */ = {
			isa = PBXNativeTarget;
			buildConfigurationList = 572E13D614B5AEB80003F9F7 /* Build configuration list for PBXNativeTarget "WikiaFetcherTests" */;
			buildPhases = (
				572E13BD14B5AEB80003F9F7 /* Sources */,
				572E13BE14B5AEB80003F9F7 /* Frameworks */,
				572E13BF14B5AEB80003F9F7 /* Resources */,
				572E13C014B5AEB80003F9F7 /* ShellScript */,
			);
			buildRules = (
			);
			dependencies = (
				572E13C714B5AEB80003F9F7 /* PBXTargetDependency */,
			);
			name = WikiaFetcherTests;
			productName = WikiaFetcherTests;
			productReference = 572E13C214B5AEB80003F9F7 /* WikiaFetcherTests.octest */;
			productType = "com.apple.product-type.bundle";
		};
/* End PBXNativeTarget section */

/* Begin PBXProject section */
		572E139514B5AEB80003F9F7 /* Project object */ = {
			isa = PBXProject;
			attributes = {
				LastUpgradeCheck = 0420;
			};
			buildConfigurationList = 572E139814B5AEB80003F9F7 /* Build configuration list for PBXProject "WikiaFetcher" */;
			compatibilityVersion = "Xcode 3.2";
			developmentRegion = English;
			hasScannedForEncodings = 0;
			knownRegions = (
				en,
			);
			mainGroup = 572E139314B5AEB80003F9F7;
			productRefGroup = 572E139F14B5AEB80003F9F7 /* Products */;
			projectDirPath = "";
			projectRoot = "";
			targets = (
				572E139D14B5AEB80003F9F7 /* WikiaFetcher */,
				572E13C114B5AEB80003F9F7 /* WikiaFetcherTests */,
			);
		};
/* End PBXProject section */

/* Begin PBXResourcesBuildPhase section */
		572E139C14B5AEB80003F9F7 /* Resources */ = {
			isa = PBXResourcesBuildPhase;
			buildActionMask = 2147483647;
			files = (
				572E13AD14B5AEB80003F9F7 /* InfoPlist.strings in Resources */,
				572E13B314B5AEB80003F9F7 /* Credits.rtf in Resources */,
				572E13B914B5AEB80003F9F7 /* MainMenu.xib in Resources */,
			);
			runOnlyForDeploymentPostprocessing = 0;
		};
		572E13BF14B5AEB80003F9F7 /* Resources */ = {
			isa = PBXResourcesBuildPhase;
			buildActionMask = 2147483647;
			files = (
				572E13CD14B5AEB80003F9F7 /* InfoPlist.strings in Resources */,
			);
			runOnlyForDeploymentPostprocessing = 0;
		};
/* End PBXResourcesBuildPhase section */

/* Begin PBXShellScriptBuildPhase section */
		572E13C014B5AEB80003F9F7 /* ShellScript */ = {
			isa = PBXShellScriptBuildPhase;
			buildActionMask = 2147483647;
			files = (
			);
			inputPaths = (
			);
			outputPaths = (
			);
			runOnlyForDeploymentPostprocessing = 0;
			shellPath = /bin/sh;
			shellScript = "# Run the unit tests in this test bundle.\n\"${SYSTEM_DEVELOPER_DIR}/Tools/RunUnitTests\"\n";
		};
/* End PBXShellScriptBuildPhase section */

/* Begin PBXSourcesBuildPhase section */
		572E139A14B5AEB80003F9F7 /* Sources */ = {
			isa = PBXSourcesBuildPhase;
			buildActionMask = 2147483647;
			files = (
				572E13AF14B5AEB80003F9F7 /* main.m in Sources */,
				572E13B614B5AEB80003F9F7 /* MWAppDelegate.m in Sources */,
				572E13E414B5AF5A0003F9F7 /* Category.m in Sources */,
				572E13E514B5AF5A0003F9F7 /* Contibutor.m in Sources */,
				572E13E614B5AF5A0003F9F7 /* File.m in Sources */,
				572E13E714B5AF5A0003F9F7 /* Namespace.m in Sources */,
				572E13E814B5AF5A0003F9F7 /* Page.m in Sources */,
				572E13ED14B5AF6D0003F9F7 /* MWXMLParser.m in Sources */,
				572E13EE14B5AF6D0003F9F7 /* NSData+Gzip.m in Sources */,
				572E152E14B5B1740003F9F7 /* AFHTTPClient.m in Sources */,
				572E152F14B5B1740003F9F7 /* AFHTTPRequestOperation.m in Sources */,
				572E153014B5B1740003F9F7 /* AFImageCache.m in Sources */,
				572E153114B5B1740003F9F7 /* AFImageRequestOperation.m in Sources */,
				572E153214B5B1740003F9F7 /* AFJSONRequestOperation.m in Sources */,
				572E153314B5B1740003F9F7 /* AFNetworkActivityIndicatorManager.m in Sources */,
				572E153414B5B1740003F9F7 /* AFPropertyListRequestOperation.m in Sources */,
				572E153514B5B1740003F9F7 /* AFURLConnectionOperation.m in Sources */,
				572E153614B5B1740003F9F7 /* AFXMLRequestOperation.m in Sources */,
				572E153714B5B1740003F9F7 /* UIImageView+AFNetworking.m in Sources */,
				572E15BF14B5B1740003F9F7 /* RegexKitLite.m in Sources */,
				572E15CE14B5B1D60003F9F7 /* WikiaFetcher.xcdatamodeld in Sources */,
				5789643414B86D8B00DCF93B /* NSAttributeDescription+MagicalDataImport.m in Sources */,
				5789643514B86D8B00DCF93B /* NSEntityDescription+MagicalDataImport.m in Sources */,
				5789643614B86D8B00DCF93B /* NSNumber+MagicalDataImport.m in Sources */,
				5789643714B86D8B00DCF93B /* NSObject+MagicalDataImport.m in Sources */,
				5789643814B86D8B00DCF93B /* NSRelationshipDescription+MagicalDataImport.m in Sources */,
				5789643914B86D8B00DCF93B /* NSString+MagicalDataImport.m in Sources */,
				5789643A14B86D8B00DCF93B /* NSManagedObject+MagicalDataImport.m in Sources */,
				5789643B14B86D8B00DCF93B /* NSManagedObject+MagicalRecord.m in Sources */,
				5789643C14B86D8B00DCF93B /* NSManagedObjectContext+MagicalRecord.m in Sources */,
				5789643D14B86D8B00DCF93B /* NSManagedObjectModel+MagicalRecord.m in Sources */,
				5789643E14B86D8B00DCF93B /* NSPersistentStore+MagicalRecord.m in Sources */,
				5789643F14B86D8B00DCF93B /* NSPersistentStoreCoordinator+MagicalRecord.m in Sources */,
				5789644014B86D8B00DCF93B /* MagicalRecordHelpers.m in Sources */,
				5789644114B86D8B00DCF93B /* MRCoreDataAction.m in Sources */,
				5789644414B8748800DCF93B /* MWFileDownloader.m in Sources */,
				5789644B14B877C700DCF93B /* Wiki.m in Sources */,
				5789644F14B8792400DCF93B /* NSString+MD5.m in Sources */,
			);
			runOnlyForDeploymentPostprocessing = 0;
		};
		572E13BD14B5AEB80003F9F7 /* Sources */ = {
			isa = PBXSourcesBuildPhase;
			buildActionMask = 2147483647;
			files = (
				572E13D014B5AEB80003F9F7 /* WikiaFetcherTests.m in Sources */,
			);
			runOnlyForDeploymentPostprocessing = 0;
		};
/* End PBXSourcesBuildPhase section */

/* Begin PBXTargetDependency section */
		572E13C714B5AEB80003F9F7 /* PBXTargetDependency */ = {
			isa = PBXTargetDependency;
			target = 572E139D14B5AEB80003F9F7 /* WikiaFetcher */;
			targetProxy = 572E13C614B5AEB80003F9F7 /* PBXContainerItemProxy */;
		};
/* End PBXTargetDependency section */

/* Begin PBXVariantGroup section */
		572E13AB14B5AEB80003F9F7 /* InfoPlist.strings */ = {
			isa = PBXVariantGroup;
			children = (
				572E13AC14B5AEB80003F9F7 /* en */,
			);
			name = InfoPlist.strings;
			sourceTree = "<group>";
		};
		572E13B114B5AEB80003F9F7 /* Credits.rtf */ = {
			isa = PBXVariantGroup;
			children = (
				572E13B214B5AEB80003F9F7 /* en */,
			);
			name = Credits.rtf;
			sourceTree = "<group>";
		};
		572E13B714B5AEB80003F9F7 /* MainMenu.xib */ = {
			isa = PBXVariantGroup;
			children = (
				572E13B814B5AEB80003F9F7 /* en */,
			);
			name = MainMenu.xib;
			sourceTree = "<group>";
		};
		572E13CB14B5AEB80003F9F7 /* InfoPlist.strings */ = {
			isa = PBXVariantGroup;
			children = (
				572E13CC14B5AEB80003F9F7 /* en */,
			);
			name = InfoPlist.strings;
			sourceTree = "<group>";
		};
/* End PBXVariantGroup section */

/* Begin XCBuildConfiguration section */
		572E13D114B5AEB80003F9F7 /* Debug */ = {
			isa = XCBuildConfiguration;
			buildSettings = {
				ALWAYS_SEARCH_USER_PATHS = NO;
				ARCHS = "$(ARCHS_STANDARD_64_BIT)";
				CLANG_ENABLE_OBJC_ARC = YES;
				COPY_PHASE_STRIP = NO;
				GCC_C_LANGUAGE_STANDARD = gnu99;
				GCC_DYNAMIC_NO_PIC = NO;
				GCC_ENABLE_OBJC_EXCEPTIONS = YES;
				GCC_OPTIMIZATION_LEVEL = 0;
				GCC_PREPROCESSOR_DEFINITIONS = (
					"DEBUG=1",
					"$(inherited)",
				);
				GCC_SYMBOLS_PRIVATE_EXTERN = NO;
				GCC_VERSION = com.apple.compilers.llvm.clang.1_0;
				GCC_WARN_64_TO_32_BIT_CONVERSION = YES;
				GCC_WARN_ABOUT_MISSING_PROTOTYPES = YES;
				GCC_WARN_ABOUT_RETURN_TYPE = YES;
				GCC_WARN_UNUSED_VARIABLE = YES;
				MACOSX_DEPLOYMENT_TARGET = 10.7;
				ONLY_ACTIVE_ARCH = YES;
				SDKROOT = macosx;
			};
			name = Debug;
		};
		572E13D214B5AEB80003F9F7 /* Release */ = {
			isa = XCBuildConfiguration;
			buildSettings = {
				ALWAYS_SEARCH_USER_PATHS = NO;
				ARCHS = "$(ARCHS_STANDARD_64_BIT)";
				CLANG_ENABLE_OBJC_ARC = YES;
				COPY_PHASE_STRIP = YES;
				DEBUG_INFORMATION_FORMAT = "dwarf-with-dsym";
				GCC_C_LANGUAGE_STANDARD = gnu99;
				GCC_ENABLE_OBJC_EXCEPTIONS = YES;
				GCC_VERSION = com.apple.compilers.llvm.clang.1_0;
				GCC_WARN_64_TO_32_BIT_CONVERSION = YES;
				GCC_WARN_ABOUT_MISSING_PROTOTYPES = YES;
				GCC_WARN_ABOUT_RETURN_TYPE = YES;
				GCC_WARN_UNUSED_VARIABLE = YES;
				MACOSX_DEPLOYMENT_TARGET = 10.7;
				SDKROOT = macosx;
			};
			name = Release;
		};
		572E13D414B5AEB80003F9F7 /* Debug */ = {
			isa = XCBuildConfiguration;
			buildSettings = {
				CLANG_ENABLE_OBJC_ARC = NO;
				FRAMEWORK_SEARCH_PATHS = (
					"$(inherited)",
					"\"$(SRCROOT)/libs/MagicalRecord/iOS App Unit Tests/Frameworks\"",
					"\"$(SRCROOT)/libs/MagicalRecord/Mac App Unit Tests/Frameworks\"",
				);
				GCC_PRECOMPILE_PREFIX_HEADER = YES;
				GCC_PREFIX_HEADER = "WikiaFetcher/WikiaFetcher-Prefix.pch";
				INFOPLIST_FILE = "WikiaFetcher/WikiaFetcher-Info.plist";
				LIBRARY_SEARCH_PATHS = (
					"$(inherited)",
					"\"$(SRCROOT)/libs/MagicalRecord/iOS App Unit Tests/Frameworks/OCMockLibrary\"",
					"\"$(SRCROOT)/libs/MagicalRecord/Mac App Unit Tests/Frameworks/OCMockLibrary\"",
				);
				PRODUCT_NAME = "$(TARGET_NAME)";
				WRAPPER_EXTENSION = app;
			};
			name = Debug;
		};
		572E13D514B5AEB80003F9F7 /* Release */ = {
			isa = XCBuildConfiguration;
			buildSettings = {
				CLANG_ENABLE_OBJC_ARC = NO;
				FRAMEWORK_SEARCH_PATHS = (
					"$(inherited)",
					"\"$(SRCROOT)/libs/MagicalRecord/iOS App Unit Tests/Frameworks\"",
					"\"$(SRCROOT)/libs/MagicalRecord/Mac App Unit Tests/Frameworks\"",
				);
				GCC_PRECOMPILE_PREFIX_HEADER = YES;
				GCC_PREFIX_HEADER = "WikiaFetcher/WikiaFetcher-Prefix.pch";
				INFOPLIST_FILE = "WikiaFetcher/WikiaFetcher-Info.plist";
				LIBRARY_SEARCH_PATHS = (
					"$(inherited)",
					"\"$(SRCROOT)/libs/MagicalRecord/iOS App Unit Tests/Frameworks/OCMockLibrary\"",
					"\"$(SRCROOT)/libs/MagicalRecord/Mac App Unit Tests/Frameworks/OCMockLibrary\"",
				);
				PRODUCT_NAME = "$(TARGET_NAME)";
				WRAPPER_EXTENSION = app;
			};
			name = Release;
		};
		572E13D714B5AEB80003F9F7 /* Debug */ = {
			isa = XCBuildConfiguration;
			buildSettings = {
				BUNDLE_LOADER = "$(BUILT_PRODUCTS_DIR)/WikiaFetcher.app/Contents/MacOS/WikiaFetcher";
				FRAMEWORK_SEARCH_PATHS = "$(DEVELOPER_LIBRARY_DIR)/Frameworks";
				GCC_PRECOMPILE_PREFIX_HEADER = YES;
				GCC_PREFIX_HEADER = "WikiaFetcher/WikiaFetcher-Prefix.pch";
				INFOPLIST_FILE = "WikiaFetcherTests/WikiaFetcherTests-Info.plist";
				PRODUCT_NAME = "$(TARGET_NAME)";
				TEST_HOST = "$(BUNDLE_LOADER)";
				WRAPPER_EXTENSION = octest;
			};
			name = Debug;
		};
		572E13D814B5AEB80003F9F7 /* Release */ = {
			isa = XCBuildConfiguration;
			buildSettings = {
				BUNDLE_LOADER = "$(BUILT_PRODUCTS_DIR)/WikiaFetcher.app/Contents/MacOS/WikiaFetcher";
				FRAMEWORK_SEARCH_PATHS = "$(DEVELOPER_LIBRARY_DIR)/Frameworks";
				GCC_PRECOMPILE_PREFIX_HEADER = YES;
				GCC_PREFIX_HEADER = "WikiaFetcher/WikiaFetcher-Prefix.pch";
				INFOPLIST_FILE = "WikiaFetcherTests/WikiaFetcherTests-Info.plist";
				PRODUCT_NAME = "$(TARGET_NAME)";
				TEST_HOST = "$(BUNDLE_LOADER)";
				WRAPPER_EXTENSION = octest;
			};
			name = Release;
		};
/* End XCBuildConfiguration section */

/* Begin XCConfigurationList section */
		572E139814B5AEB80003F9F7 /* Build configuration list for PBXProject "WikiaFetcher" */ = {
			isa = XCConfigurationList;
			buildConfigurations = (
				572E13D114B5AEB80003F9F7 /* Debug */,
				572E13D214B5AEB80003F9F7 /* Release */,
			);
			defaultConfigurationIsVisible = 0;
			defaultConfigurationName = Release;
		};
		572E13D314B5AEB80003F9F7 /* Build configuration list for PBXNativeTarget "WikiaFetcher" */ = {
			isa = XCConfigurationList;
			buildConfigurations = (
				572E13D414B5AEB80003F9F7 /* Debug */,
				572E13D514B5AEB80003F9F7 /* Release */,
			);
			defaultConfigurationIsVisible = 0;
			defaultConfigurationName = Release;
		};
		572E13D614B5AEB80003F9F7 /* Build configuration list for PBXNativeTarget "WikiaFetcherTests" */ = {
			isa = XCConfigurationList;
			buildConfigurations = (
				572E13D714B5AEB80003F9F7 /* Debug */,
				572E13D814B5AEB80003F9F7 /* Release */,
			);
			defaultConfigurationIsVisible = 0;
			defaultConfigurationName = Release;
		};
/* End XCConfigurationList section */

/* Begin XCVersionGroup section */
		572E15CC14B5B1D60003F9F7 /* WikiaFetcher.xcdatamodeld */ = {
			isa = XCVersionGroup;
			children = (
				572E15CD14B5B1D60003F9F7 /* MWCoreDataImporter.xcdatamodel */,
			);
			currentVersion = 572E15CD14B5B1D60003F9F7 /* MWCoreDataImporter.xcdatamodel */;
			path = WikiaFetcher.xcdatamodeld;
			sourceTree = "<group>";
			versionGroupType = wrapper.xcdatamodel;
		};
/* End XCVersionGroup section */
	};
	rootObject = 572E139514B5AEB80003F9F7 /* Project object */;
}
